// !$*UTF8*$!
{
	archiveVersion = 1;
	classes = {
	};
	objectVersion = 55;
	objects = {

/* Begin PBXBuildFile section */
		4802727D2977C8E60018B44D /* DBManager.swift in Sources */ = {isa = PBXBuildFile; fileRef = 4802727C2977C8E60018B44D /* DBManager.swift */; };
		4802727F2977C90F0018B44D /* UserModel.swift in Sources */ = {isa = PBXBuildFile; fileRef = 4802727E2977C90F0018B44D /* UserModel.swift */; };
		4804ABD8294F835900492B2F /* ExerciseTableViewCell.swift in Sources */ = {isa = PBXBuildFile; fileRef = 4804ABD7294F835900492B2F /* ExerciseTableViewCell.swift */; };
		484D3769295D4C4D000B9E93 /* WeekCollectionViewCell.swift in Sources */ = {isa = PBXBuildFile; fileRef = 484D3768295D4C4D000B9E93 /* WeekCollectionViewCell.swift */; };
		4870B3A828EE9C3300B5546C /* AppDelegate.swift in Sources */ = {isa = PBXBuildFile; fileRef = 4870B3A728EE9C3300B5546C /* AppDelegate.swift */; };
		4870B3AA28EE9C3300B5546C /* SceneDelegate.swift in Sources */ = {isa = PBXBuildFile; fileRef = 4870B3A928EE9C3300B5546C /* SceneDelegate.swift */; };
		4870B3AC28EE9C3300B5546C /* TitleViewController.swift in Sources */ = {isa = PBXBuildFile; fileRef = 4870B3AB28EE9C3300B5546C /* TitleViewController.swift */; };
		4870B3AF28EE9C3300B5546C /* Main.storyboard in Resources */ = {isa = PBXBuildFile; fileRef = 4870B3AD28EE9C3300B5546C /* Main.storyboard */; };
		4870B3B128EE9C3400B5546C /* Assets.xcassets in Resources */ = {isa = PBXBuildFile; fileRef = 4870B3B028EE9C3400B5546C /* Assets.xcassets */; };
		4870B3B428EE9C3400B5546C /* LaunchScreen.storyboard in Resources */ = {isa = PBXBuildFile; fileRef = 4870B3B228EE9C3400B5546C /* LaunchScreen.storyboard */; };
		4870B3BC28EEA0CF00B5546C /* ProfileViewController.swift in Sources */ = {isa = PBXBuildFile; fileRef = 4870B3BB28EEA0CF00B5546C /* ProfileViewController.swift */; };
		48BB91D42946F25B002CBCCA /* WorkoutScheduleViewController.swift in Sources */ = {isa = PBXBuildFile; fileRef = 48BB91D32946F25B002CBCCA /* WorkoutScheduleViewController.swift */; };
		48C115A9294CF2E7002AE85B /* RecordViewController.swift in Sources */ = {isa = PBXBuildFile; fileRef = 48C115A8294CF2E7002AE85B /* RecordViewController.swift */; };
		48CB85CD294AB715003205F3 /* FirebaseAuth in Frameworks */ = {isa = PBXBuildFile; productRef = 48CB85CC294AB715003205F3 /* FirebaseAuth */; };
		48CB85CF294C06D4003205F3 /* GoogleService-Info.plist in Resources */ = {isa = PBXBuildFile; fileRef = 48CB85CE294C06D4003205F3 /* GoogleService-Info.plist */; };
		48CB85D2294C17B2003205F3 /* GoogleSignIn in Frameworks */ = {isa = PBXBuildFile; productRef = 48CB85D1294C17B2003205F3 /* GoogleSignIn */; };
/* End PBXBuildFile section */

/* Begin PBXFileReference section */
		4802727C2977C8E60018B44D /* DBManager.swift */ = {isa = PBXFileReference; lastKnownFileType = sourcecode.swift; path = DBManager.swift; sourceTree = "<group>"; };
		4802727E2977C90F0018B44D /* UserModel.swift */ = {isa = PBXFileReference; lastKnownFileType = sourcecode.swift; path = UserModel.swift; sourceTree = "<group>"; };
		4804ABD7294F835900492B2F /* ExerciseTableViewCell.swift */ = {isa = PBXFileReference; lastKnownFileType = sourcecode.swift; path = ExerciseTableViewCell.swift; sourceTree = "<group>"; };
		484D3768295D4C4D000B9E93 /* WeekCollectionViewCell.swift */ = {isa = PBXFileReference; lastKnownFileType = sourcecode.swift; path = WeekCollectionViewCell.swift; sourceTree = "<group>"; };
		4870B3A428EE9C3300B5546C /* Fitness and Nutrition Personal Project.app */ = {isa = PBXFileReference; explicitFileType = wrapper.application; includeInIndex = 0; path = "Fitness and Nutrition Personal Project.app"; sourceTree = BUILT_PRODUCTS_DIR; };
		4870B3A728EE9C3300B5546C /* AppDelegate.swift */ = {isa = PBXFileReference; lastKnownFileType = sourcecode.swift; path = AppDelegate.swift; sourceTree = "<group>"; };
		4870B3A928EE9C3300B5546C /* SceneDelegate.swift */ = {isa = PBXFileReference; lastKnownFileType = sourcecode.swift; path = SceneDelegate.swift; sourceTree = "<group>"; };
		4870B3AB28EE9C3300B5546C /* TitleViewController.swift */ = {isa = PBXFileReference; lastKnownFileType = sourcecode.swift; path = TitleViewController.swift; sourceTree = "<group>"; };
		4870B3AE28EE9C3300B5546C /* Base */ = {isa = PBXFileReference; lastKnownFileType = file.storyboard; name = Base; path = Base.lproj/Main.storyboard; sourceTree = "<group>"; };
		4870B3B028EE9C3400B5546C /* Assets.xcassets */ = {isa = PBXFileReference; lastKnownFileType = folder.assetcatalog; path = Assets.xcassets; sourceTree = "<group>"; };
		4870B3B328EE9C3400B5546C /* Base */ = {isa = PBXFileReference; lastKnownFileType = file.storyboard; name = Base; path = Base.lproj/LaunchScreen.storyboard; sourceTree = "<group>"; };
		4870B3B528EE9C3400B5546C /* Info.plist */ = {isa = PBXFileReference; lastKnownFileType = text.plist.xml; path = Info.plist; sourceTree = "<group>"; };
		4870B3BB28EEA0CF00B5546C /* ProfileViewController.swift */ = {isa = PBXFileReference; lastKnownFileType = sourcecode.swift; path = ProfileViewController.swift; sourceTree = "<group>"; };
		48BB91D32946F25B002CBCCA /* WorkoutScheduleViewController.swift */ = {isa = PBXFileReference; lastKnownFileType = sourcecode.swift; path = WorkoutScheduleViewController.swift; sourceTree = "<group>"; };
		48C115A8294CF2E7002AE85B /* RecordViewController.swift */ = {isa = PBXFileReference; lastKnownFileType = sourcecode.swift; path = RecordViewController.swift; sourceTree = "<group>"; };
		48CB85CE294C06D4003205F3 /* GoogleService-Info.plist */ = {isa = PBXFileReference; fileEncoding = 4; lastKnownFileType = text.plist.xml; name = "GoogleService-Info.plist"; path = "../../../Downloads/GoogleService-Info.plist"; sourceTree = "<group>"; };
/* End PBXFileReference section */

/* Begin PBXFrameworksBuildPhase section */
		4870B3A128EE9C3300B5546C /* Frameworks */ = {
			isa = PBXFrameworksBuildPhase;
			buildActionMask = 2147483647;
			files = (
				48CB85CD294AB715003205F3 /* FirebaseAuth in Frameworks */,
				48CB85D2294C17B2003205F3 /* GoogleSignIn in Frameworks */,
			);
			runOnlyForDeploymentPostprocessing = 0;
		};
/* End PBXFrameworksBuildPhase section */

/* Begin PBXGroup section */
		4870B39B28EE9C3300B5546C = {
			isa = PBXGroup;
			children = (
				4870B3A628EE9C3300B5546C /* Fitness and Nutrition Personal Project */,
				4870B3A528EE9C3300B5546C /* Products */,
			);
			sourceTree = "<group>";
		};
		4870B3A528EE9C3300B5546C /* Products */ = {
			isa = PBXGroup;
			children = (
				4870B3A428EE9C3300B5546C /* Fitness and Nutrition Personal Project.app */,
			);
			name = Products;
			sourceTree = "<group>";
		};
		4870B3A628EE9C3300B5546C /* Fitness and Nutrition Personal Project */ = {
			isa = PBXGroup;
			children = (
				4870B3B228EE9C3400B5546C /* LaunchScreen.storyboard */,
				4870B3AD28EE9C3300B5546C /* Main.storyboard */,
				4870B3A728EE9C3300B5546C /* AppDelegate.swift */,
				4870B3A928EE9C3300B5546C /* SceneDelegate.swift */,
				4802727C2977C8E60018B44D /* DBManager.swift */,
				4802727E2977C90F0018B44D /* UserModel.swift */,
				4870B3AB28EE9C3300B5546C /* TitleViewController.swift */,
				48BB91D32946F25B002CBCCA /* WorkoutScheduleViewController.swift */,
				484D3768295D4C4D000B9E93 /* WeekCollectionViewCell.swift */,
				4804ABD7294F835900492B2F /* ExerciseTableViewCell.swift */,
				48C115A8294CF2E7002AE85B /* RecordViewController.swift */,
				4870B3BB28EEA0CF00B5546C /* ProfileViewController.swift */,
				4870B3B028EE9C3400B5546C /* Assets.xcassets */,
				4870B3B528EE9C3400B5546C /* Info.plist */,
				48CB85CE294C06D4003205F3 /* GoogleService-Info.plist */,
			);
			path = "Fitness and Nutrition Personal Project";
			sourceTree = "<group>";
		};
/* End PBXGroup section */

/* Begin PBXNativeTarget section */
		4870B3A328EE9C3300B5546C /* Fitness and Nutrition Personal Project */ = {
			isa = PBXNativeTarget;
			buildConfigurationList = 4870B3B828EE9C3400B5546C /* Build configuration list for PBXNativeTarget "Fitness and Nutrition Personal Project" */;
			buildPhases = (
				4870B3A028EE9C3300B5546C /* Sources */,
				4870B3A128EE9C3300B5546C /* Frameworks */,
				4870B3A228EE9C3300B5546C /* Resources */,
			);
			buildRules = (
			);
			dependencies = (
			);
			name = "Fitness and Nutrition Personal Project";
			packageProductDependencies = (
				48CB85CC294AB715003205F3 /* FirebaseAuth */,
				48CB85D1294C17B2003205F3 /* GoogleSignIn */,
			);
			productName = "Fitness and Nutrition Personal Project";
			productReference = 4870B3A428EE9C3300B5546C /* Fitness and Nutrition Personal Project.app */;
			productType = "com.apple.product-type.application";
		};
/* End PBXNativeTarget section */

/* Begin PBXProject section */
		4870B39C28EE9C3300B5546C /* Project object */ = {
			isa = PBXProject;
			attributes = {
				BuildIndependentTargetsInParallel = 1;
				LastSwiftUpdateCheck = 1340;
				LastUpgradeCheck = 1340;
				TargetAttributes = {
					4870B3A328EE9C3300B5546C = {
						CreatedOnToolsVersion = 13.4.1;
					};
				};
			};
			buildConfigurationList = 4870B39F28EE9C3300B5546C /* Build configuration list for PBXProject "Fitness and Nutrition Personal Project" */;
			compatibilityVersion = "Xcode 13.0";
			developmentRegion = en;
			hasScannedForEncodings = 0;
			knownRegions = (
				en,
				Base,
			);
			mainGroup = 4870B39B28EE9C3300B5546C;
			packageReferences = (
				48CB85CB294AB715003205F3 /* XCRemoteSwiftPackageReference "firebase-ios-sdk" */,
				48CB85D0294C17B2003205F3 /* XCRemoteSwiftPackageReference "GoogleSignIn-iOS" */,
			);
			productRefGroup = 4870B3A528EE9C3300B5546C /* Products */;
			projectDirPath = "";
			projectRoot = "";
			targets = (
				4870B3A328EE9C3300B5546C /* Fitness and Nutrition Personal Project */,
			);
		};
/* End PBXProject section */

/* Begin PBXResourcesBuildPhase section */
		4870B3A228EE9C3300B5546C /* Resources */ = {
			isa = PBXResourcesBuildPhase;
			buildActionMask = 2147483647;
			files = (
				4870B3B428EE9C3400B5546C /* LaunchScreen.storyboard in Resources */,
				48CB85CF294C06D4003205F3 /* GoogleService-Info.plist in Resources */,
				4870B3B128EE9C3400B5546C /* Assets.xcassets in Resources */,
				4870B3AF28EE9C3300B5546C /* Main.storyboard in Resources */,
			);
			runOnlyForDeploymentPostprocessing = 0;
		};
/* End PBXResourcesBuildPhase section */

/* Begin PBXSourcesBuildPhase section */
		4870B3A028EE9C3300B5546C /* Sources */ = {
			isa = PBXSourcesBuildPhase;
			buildActionMask = 2147483647;
			files = (
				4870B3AC28EE9C3300B5546C /* TitleViewController.swift in Sources */,
				48BB91D42946F25B002CBCCA /* WorkoutScheduleViewController.swift in Sources */,
				484D3769295D4C4D000B9E93 /* WeekCollectionViewCell.swift in Sources */,
				4870B3A828EE9C3300B5546C /* AppDelegate.swift in Sources */,
				4802727D2977C8E60018B44D /* DBManager.swift in Sources */,
				4804ABD8294F835900492B2F /* ExerciseTableViewCell.swift in Sources */,
				48C115A9294CF2E7002AE85B /* RecordViewController.swift in Sources */,
				4870B3BC28EEA0CF00B5546C /* ProfileViewController.swift in Sources */,
				4802727F2977C90F0018B44D /* UserModel.swift in Sources */,
				4870B3AA28EE9C3300B5546C /* SceneDelegate.swift in Sources */,
			);
			runOnlyForDeploymentPostprocessing = 0;
		};
/* End PBXSourcesBuildPhase section */

/* Begin PBXVariantGroup section */
		4870B3AD28EE9C3300B5546C /* Main.storyboard */ = {
			isa = PBXVariantGroup;
			children = (
				4870B3AE28EE9C3300B5546C /* Base */,
			);
			name = Main.storyboard;
			sourceTree = "<group>";
		};
		4870B3B228EE9C3400B5546C /* LaunchScreen.storyboard */ = {
			isa = PBXVariantGroup;
			children = (
				4870B3B328EE9C3400B5546C /* Base */,
			);
			name = LaunchScreen.storyboard;
			sourceTree = "<group>";
		};
/* End PBXVariantGroup section */

/* Begin XCBuildConfiguration section */
		4870B3B628EE9C3400B5546C /* Debug */ = {
			isa = XCBuildConfiguration;
			buildSettings = {
				ALWAYS_SEARCH_USER_PATHS = NO;
				CLANG_ANALYZER_NONNULL = YES;
				CLANG_ANALYZER_NUMBER_OBJECT_CONVERSION = YES_AGGRESSIVE;
				CLANG_CXX_LANGUAGE_STANDARD = "gnu++17";
				CLANG_ENABLE_MODULES = YES;
				CLANG_ENABLE_OBJC_ARC = YES;
				CLANG_ENABLE_OBJC_WEAK = YES;
				CLANG_WARN_BLOCK_CAPTURE_AUTORELEASING = YES;
				CLANG_WARN_BOOL_CONVERSION = YES;
				CLANG_WARN_COMMA = YES;
				CLANG_WARN_CONSTANT_CONVERSION = YES;
				CLANG_WARN_DEPRECATED_OBJC_IMPLEMENTATIONS = YES;
				CLANG_WARN_DIRECT_OBJC_ISA_USAGE = YES_ERROR;
				CLANG_WARN_DOCUMENTATION_COMMENTS = YES;
				CLANG_WARN_EMPTY_BODY = YES;
				CLANG_WARN_ENUM_CONVERSION = YES;
				CLANG_WARN_INFINITE_RECURSION = YES;
				CLANG_WARN_INT_CONVERSION = YES;
				CLANG_WARN_NON_LITERAL_NULL_CONVERSION = YES;
				CLANG_WARN_OBJC_IMPLICIT_RETAIN_SELF = YES;
				CLANG_WARN_OBJC_LITERAL_CONVERSION = YES;
				CLANG_WARN_OBJC_ROOT_CLASS = YES_ERROR;
				CLANG_WARN_QUOTED_INCLUDE_IN_FRAMEWORK_HEADER = YES;
				CLANG_WARN_RANGE_LOOP_ANALYSIS = YES;
				CLANG_WARN_STRICT_PROTOTYPES = YES;
				CLANG_WARN_SUSPICIOUS_MOVE = YES;
				CLANG_WARN_UNGUARDED_AVAILABILITY = YES_AGGRESSIVE;
				CLANG_WARN_UNREACHABLE_CODE = YES;
				CLANG_WARN__DUPLICATE_METHOD_MATCH = YES;
				COPY_PHASE_STRIP = NO;
				DEBUG_INFORMATION_FORMAT = dwarf;
				ENABLE_STRICT_OBJC_MSGSEND = YES;
				ENABLE_TESTABILITY = YES;
				GCC_C_LANGUAGE_STANDARD = gnu11;
				GCC_DYNAMIC_NO_PIC = NO;
				GCC_NO_COMMON_BLOCKS = YES;
				GCC_OPTIMIZATION_LEVEL = 0;
				GCC_PREPROCESSOR_DEFINITIONS = (
					"DEBUG=1",
					"$(inherited)",
				);
				GCC_WARN_64_TO_32_BIT_CONVERSION = YES;
				GCC_WARN_ABOUT_RETURN_TYPE = YES_ERROR;
				GCC_WARN_UNDECLARED_SELECTOR = YES;
				GCC_WARN_UNINITIALIZED_AUTOS = YES_AGGRESSIVE;
				GCC_WARN_UNUSED_FUNCTION = YES;
				GCC_WARN_UNUSED_VARIABLE = YES;
				IPHONEOS_DEPLOYMENT_TARGET = 15.5;
				MTL_ENABLE_DEBUG_INFO = INCLUDE_SOURCE;
				MTL_FAST_MATH = YES;
				ONLY_ACTIVE_ARCH = YES;
				SDKROOT = iphoneos;
				SWIFT_ACTIVE_COMPILATION_CONDITIONS = DEBUG;
				SWIFT_OPTIMIZATION_LEVEL = "-Onone";
			};
			name = Debug;
		};
		4870B3B728EE9C3400B5546C /* Release */ = {
			isa = XCBuildConfiguration;
			buildSettings = {
				ALWAYS_SEARCH_USER_PATHS = NO;
				CLANG_ANALYZER_NONNULL = YES;
				CLANG_ANALYZER_NUMBER_OBJECT_CONVERSION = YES_AGGRESSIVE;
				CLANG_CXX_LANGUAGE_STANDARD = "gnu++17";
				CLANG_ENABLE_MODULES = YES;
				CLANG_ENABLE_OBJC_ARC = YES;
				CLANG_ENABLE_OBJC_WEAK = YES;
				CLANG_WARN_BLOCK_CAPTURE_AUTORELEASING = YES;
				CLANG_WARN_BOOL_CONVERSION = YES;
				CLANG_WARN_COMMA = YES;
				CLANG_WARN_CONSTANT_CONVERSION = YES;
				CLANG_WARN_DEPRECATED_OBJC_IMPLEMENTATIONS = YES;
				CLANG_WARN_DIRECT_OBJC_ISA_USAGE = YES_ERROR;
				CLANG_WARN_DOCUMENTATION_COMMENTS = YES;
				CLANG_WARN_EMPTY_BODY = YES;
				CLANG_WARN_ENUM_CONVERSION = YES;
				CLANG_WARN_INFINITE_RECURSION = YES;
				CLANG_WARN_INT_CONVERSION = YES;
				CLANG_WARN_NON_LITERAL_NULL_CONVERSION = YES;
				CLANG_WARN_OBJC_IMPLICIT_RETAIN_SELF = YES;
				CLANG_WARN_OBJC_LITERAL_CONVERSION = YES;
				CLANG_WARN_OBJC_ROOT_CLASS = YES_ERROR;
				CLANG_WARN_QUOTED_INCLUDE_IN_FRAMEWORK_HEADER = YES;
				CLANG_WARN_RANGE_LOOP_ANALYSIS = YES;
				CLANG_WARN_STRICT_PROTOTYPES = YES;
				CLANG_WARN_SUSPICIOUS_MOVE = YES;
				CLANG_WARN_UNGUARDED_AVAILABILITY = YES_AGGRESSIVE;
				CLANG_WARN_UNREACHABLE_CODE = YES;
				CLANG_WARN__DUPLICATE_METHOD_MATCH = YES;
				COPY_PHASE_STRIP = NO;
				DEBUG_INFORMATION_FORMAT = "dwarf-with-dsym";
				ENABLE_NS_ASSERTIONS = NO;
				ENABLE_STRICT_OBJC_MSGSEND = YES;
				GCC_C_LANGUAGE_STANDARD = gnu11;
				GCC_NO_COMMON_BLOCKS = YES;
				GCC_WARN_64_TO_32_BIT_CONVERSION = YES;
				GCC_WARN_ABOUT_RETURN_TYPE = YES_ERROR;
				GCC_WARN_UNDECLARED_SELECTOR = YES;
				GCC_WARN_UNINITIALIZED_AUTOS = YES_AGGRESSIVE;
				GCC_WARN_UNUSED_FUNCTION = YES;
				GCC_WARN_UNUSED_VARIABLE = YES;
				IPHONEOS_DEPLOYMENT_TARGET = 15.5;
				MTL_ENABLE_DEBUG_INFO = NO;
				MTL_FAST_MATH = YES;
				SDKROOT = iphoneos;
				SWIFT_COMPILATION_MODE = wholemodule;
				SWIFT_OPTIMIZATION_LEVEL = "-O";
				VALIDATE_PRODUCT = YES;
			};
			name = Release;
		};
		4870B3B928EE9C3400B5546C /* Debug */ = {
			isa = XCBuildConfiguration;
			buildSettings = {
				ASSETCATALOG_COMPILER_APPICON_NAME = AppIcon;
				ASSETCATALOG_COMPILER_GLOBAL_ACCENT_COLOR_NAME = AccentColor;
				ASSETCATALOG_COMPILER_INCLUDE_ALL_APPICON_ASSETS = NO;
				CODE_SIGN_STYLE = Automatic;
				CURRENT_PROJECT_VERSION = 1;
				DEVELOPMENT_TEAM = 7HNJ9KY3X8;
				GENERATE_INFOPLIST_FILE = YES;
				INFOPLIST_FILE = "Fitness and Nutrition Personal Project/Info.plist";
				INFOPLIST_KEY_LSApplicationCategoryType = "public.app-category.healthcare-fitness";
				INFOPLIST_KEY_UIApplicationSupportsIndirectInputEvents = YES;
				INFOPLIST_KEY_UILaunchStoryboardName = LaunchScreen;
				INFOPLIST_KEY_UIMainStoryboardFile = Main;
				INFOPLIST_KEY_UIStatusBarStyle = "";
				INFOPLIST_KEY_UISupportedInterfaceOrientations = UIInterfaceOrientationPortrait;
				IPHONEOS_DEPLOYMENT_TARGET = 16.0;
				LD_RUNPATH_SEARCH_PATHS = (
					"$(inherited)",
					"@executable_path/Frameworks",
				);
				MARKETING_VERSION = 1.0;
				PRODUCT_BUNDLE_IDENTIFIER = "com.mattramirez.Fitness-and-Nutrition-Personal-Project";
				PRODUCT_NAME = "$(TARGET_NAME)";
				SWIFT_EMIT_LOC_STRINGS = YES;
				SWIFT_VERSION = 5.0;
				TARGETED_DEVICE_FAMILY = "1,2";
			};
			name = Debug;
		};
		4870B3BA28EE9C3400B5546C /* Release */ = {
			isa = XCBuildConfiguration;
			buildSettings = {
				ASSETCATALOG_COMPILER_APPICON_NAME = AppIcon;
				ASSETCATALOG_COMPILER_GLOBAL_ACCENT_COLOR_NAME = AccentColor;
				ASSETCATALOG_COMPILER_INCLUDE_ALL_APPICON_ASSETS = NO;
				CODE_SIGN_STYLE = Automatic;
				CURRENT_PROJECT_VERSION = 1;
				DEVELOPMENT_TEAM = 7HNJ9KY3X8;
				GENERATE_INFOPLIST_FILE = YES;
				INFOPLIST_FILE = "Fitness and Nutrition Personal Project/Info.plist";
				INFOPLIST_KEY_LSApplicationCategoryType = "public.app-category.healthcare-fitness";
				INFOPLIST_KEY_UIApplicationSupportsIndirectInputEvents = YES;
				INFOPLIST_KEY_UILaunchStoryboardName = LaunchScreen;
				INFOPLIST_KEY_UIMainStoryboardFile = Main;
				INFOPLIST_KEY_UIStatusBarStyle = "";
				INFOPLIST_KEY_UISupportedInterfaceOrientations = UIInterfaceOrientationPortrait;
				IPHONEOS_DEPLOYMENT_TARGET = 16.0;
				LD_RUNPATH_SEARCH_PATHS = (
					"$(inherited)",
					"@executable_path/Frameworks",
				);
				MARKETING_VERSION = 1.0;
				PRODUCT_BUNDLE_IDENTIFIER = "com.mattramirez.Fitness-and-Nutrition-Personal-Project";
				PRODUCT_NAME = "$(TARGET_NAME)";
				SWIFT_EMIT_LOC_STRINGS = YES;
				SWIFT_VERSION = 5.0;
				TARGETED_DEVICE_FAMILY = "1,2";
			};
			name = Release;
		};
/* End XCBuildConfiguration section */

/* Begin XCConfigurationList section */
		4870B39F28EE9C3300B5546C /* Build configuration list for PBXProject "Fitness and Nutrition Personal Project" */ = {
			isa = XCConfigurationList;
			buildConfigurations = (
				4870B3B628EE9C3400B5546C /* Debug */,
				4870B3B728EE9C3400B5546C /* Release */,
			);
			defaultConfigurationIsVisible = 0;
			defaultConfigurationName = Release;
		};
		4870B3B828EE9C3400B5546C /* Build configuration list for PBXNativeTarget "Fitness and Nutrition Personal Project" */ = {
			isa = XCConfigurationList;
			buildConfigurations = (
				4870B3B928EE9C3400B5546C /* Debug */,
				4870B3BA28EE9C3400B5546C /* Release */,
			);
			defaultConfigurationIsVisible = 0;
			defaultConfigurationName = Release;
		};
/* End XCConfigurationList section */

/* Begin XCRemoteSwiftPackageReference section */
		48CB85CB294AB715003205F3 /* XCRemoteSwiftPackageReference "firebase-ios-sdk" */ = {
			isa = XCRemoteSwiftPackageReference;
			repositoryURL = "https://github.com/firebase/firebase-ios-sdk";
			requirement = {
				kind = upToNextMajorVersion;
				minimumVersion = 9.0.0;
			};
		};
		48CB85D0294C17B2003205F3 /* XCRemoteSwiftPackageReference "GoogleSignIn-iOS" */ = {
			isa = XCRemoteSwiftPackageReference;
			repositoryURL = "https://github.com/google/GoogleSignIn-iOS";
			requirement = {
				kind = upToNextMajorVersion;
				minimumVersion = 7.0.0;
			};
		};
/* End XCRemoteSwiftPackageReference section */

/* Begin XCSwiftPackageProductDependency section */
		48CB85CC294AB715003205F3 /* FirebaseAuth */ = {
			isa = XCSwiftPackageProductDependency;
			package = 48CB85CB294AB715003205F3 /* XCRemoteSwiftPackageReference "firebase-ios-sdk" */;
			productName = FirebaseAuth;
		};
		48CB85D1294C17B2003205F3 /* GoogleSignIn */ = {
			isa = XCSwiftPackageProductDependency;
			package = 48CB85D0294C17B2003205F3 /* XCRemoteSwiftPackageReference "GoogleSignIn-iOS" */;
			productName = GoogleSignIn;
		};
/* End XCSwiftPackageProductDependency section */
	};
	rootObject = 4870B39C28EE9C3300B5546C /* Project object */;
}
